version = 1
revision = 1
requires-python = ">=3.11"

[[package]]
name = "altostrat-hr-agent"
version = "1.0.0"
source = { virtual = "." }
dependencies = [
    { name = "cryptography" },
    { name = "fastapi" },
    { name = "fastmcp" },
    { name = "google-adk" },
    { name = "google-cloud-bigquery" },
    { name = "google-cloud-discoveryengine" },
    { name = "google-cloud-firestore" },
    { name = "google-cloud-kms" },
    { name = "google-genai" },
    { name = "httpx" },
    { name = "pydantic" },
    { name = "pyyaml" },
    { name = "uvicorn" },
]
